# This file was autogenerated by Stack.
# You should not edit this file by hand.
# For more information, please see the documentation at:
#   https://docs.haskellstack.org/en/stable/lock_files

packages:
- completed:
    hackage: base-encoding-0.1.0.0@sha256:5d1bef40daf8520782f7f20c33ece9f6fec1a31c4c437f3a01f3e83f80de8e3a,1478
    pantry-tree:
      size: 395
      sha256: c9444dd0eff1b96dd66a51aaa8b42aabf6c6a7acb9aa615ea19372384ba40ff0
  original:
    hackage: base-encoding-0.1.0.0
- completed:
    hackage: full-text-search-0.2.1.4@sha256:81f6df3327e5b604f99b15e78635e5d6ca996e504c21d268a6d751d7d131aa36,6032
    pantry-tree:
      size: 1743
      sha256: 90b7cf8646ad1a7e3b6144ebeefa5af4d6bddec070eadb8e17489ae769612260
  original:
    hackage: full-text-search-0.2.1.4
- completed:
    hackage: Spock-0.13.0.0@sha256:163ef2698fed8f5801428d8dbe794fd126415a5ff3304b227750fdc4037497be,3745
    pantry-tree:
      size: 1118
      sha256: 9ddd674e7a88e8495727a1857976ee3e5ef5dfa733e379416eb12a42781d586c
  original:
    hackage: Spock-0.13.0.0
- completed:
    hackage: Spock-lucid-0.4.0.1@sha256:fa2c6ae737bad26767820af29c913140a657acbf745e90c9f9d4a184953855dc,1117
    pantry-tree:
      size: 269
      sha256: e0c8e85d0fce0a307ef5c52f9e00beebc3a79f984338ec088e9e6f15a2879209
  original:
    hackage: Spock-lucid-0.4.0.1
- completed:
    hackage: Spock-core-0.13.0.0@sha256:06e007f23c47bdda52d2927da54160d73f1b6f51a977f3ca9087275698db8f0a,3400
    pantry-tree:
      size: 1113
      sha256: 86140298020f68bb09d07b26a6a6f1666fc3a02715d7986b09150727247a1a84
  original:
    hackage: Spock-core-0.13.0.0
- completed:
    hackage: discrimination-0.4@sha256:d42ae36c97ea9c0c8844b47ee162c5530f3daf708636f01010f58dcf52602876,2571
    pantry-tree:
      size: 923
      sha256: db40bc66d2b3832989ccf5f5dce94a76dbb8a211c855c953475a741e592b904d
  original:
    hackage: discrimination-0.4
- completed:
    hackage: fast-tagsoup-1.0.14@sha256:5aacc569a6ab9633077bb181f6bd6a4dde3ebc7a8b844d2fe7b1920a0cf0ba9f,1343
    pantry-tree:
      size: 223
      sha256: a0ff31f55168fb9f07cfbafe9d1b4e59afd0b2c44c11befd836c6d7250a955c9
  original:
    hackage: fast-tagsoup-1.0.14
- completed:
    hackage: reroute-0.5.0.0@sha256:3360747cdc700c9808a38bff48b75926efa443d4af282396082329a218a8d9d3,2446
    pantry-tree:
      size: 660
      sha256: 52afcff0a5dba2fb746be4fa8cfa56cf774272872b61130537fe0e7ad463c0cd
  original:
    hackage: reroute-0.5.0.0
- completed:
    hackage: stm-containers-0.2.16@sha256:e98efa8dcf0045ea8a78a04b4e2763cf2d8bc33aad0750e2f30a67f8f4e933b1,8454
    pantry-tree:
      size: 1564
      sha256: 00d9830990f351bda6b5322ec4adab4386d0a36d3f1a997ec378434c2923f376
  original:
    hackage: stm-containers-0.2.16
- completed:
    hackage: streamly-cassava-0.1.1.0@sha256:14ba090a8e46209e5ff3c7536c00e1b4578c76fda2108c6719196d897501be99,2147
    pantry-tree:
      size: 428
      sha256: 24c3d5f42b374b1a4d8cae966e099f9cbc94b8c0c2cf36c5ff3341d09e96c00d
  original:
    hackage: streamly-cassava-0.1.1.0
- completed:
    hackage: focus-0.1.5.2@sha256:fc5c76a5be3a9a1c456106d6f389939299c7e05a1a24938b909f043e36a3e37b,1519
    pantry-tree:
      size: 206
      sha256: b8371b82b496602010a3a5b8e33a0e9108a5a3c70d99f842859bae89face740c
  original:
    hackage: focus-0.1.5.2
snapshots:
- completed:
    size: 524799
    url: https://raw.githubusercontent.com/commercialhaskell/stackage-snapshots/master/lts/14/17.yaml
    sha256: 1d72b33c0fc048e23f4f18fd76a6ad79dd1d8a3c054644098a71a09855e40c7c
  original: lts-14.17
